
Microsoft Visual Studio Solution File, Format Version 12.00
# Visual Studio 15
VisualStudioVersion = 15.0.28010.2003
MinimumVisualStudioVersion = 10.0.40219.1
Project("{9A19103F-16F7-4668-BE54-9A1E7A4F7556}") = "NorthWindWeb", "NorthWindWeb\NorthWindWeb.csproj", "{EFF095D9-51F0-44C5-8BC7-94E8B1B6CCF0}"
EndProject
Project("{9A19103F-16F7-4668-BE54-9A1E7A4F7556}") = "NorthwindContextLib", "..\..\..\..\..\..\Code\Part3\NorthwindContextLib\NorthwindContextLib.csproj", "{75ACC6C3-3A85-4853-98E3-568468D2D274}"
EndProject
Project("{9A19103F-16F7-4668-BE54-9A1E7A4F7556}") = "NorthwindEntitiesLib", "..\..\..\..\..\..\Code\Part3\NorthwindEntitiesLib\NorthwindEntitiesLib.csproj", "{1F3AFEAC-D5CD-4D13-A9D3-CC15596CB902}"
EndProject
Global
	GlobalSection(SolutionConfigurationPlatforms) = preSolution
		Debug|Any CPU = Debug|Any CPU
		Release|Any CPU = Release|Any CPU
	EndGlobalSection
	GlobalSection(ProjectConfigurationPlatforms) = postSolution
		{EFF095D9-51F0-44C5-8BC7-94E8B1B6CCF0}.Debug|Any CPU.ActiveCfg = Debug|Any CPU
		{EFF095D9-51F0-44C5-8BC7-94E8B1B6CCF0}.Debug|Any CPU.Build.0 = Debug|Any CPU
		{EFF095D9-51F0-44C5-8BC7-94E8B1B6CCF0}.Release|Any CPU.ActiveCfg = Release|Any CPU
		{EFF095D9-51F0-44C5-8BC7-94E8B1B6CCF0}.Release|Any CPU.Build.0 = Release|Any CPU
		{75ACC6C3-3A85-4853-98E3-568468D2D274}.Debug|Any CPU.ActiveCfg = Debug|Any CPU
		{75ACC6C3-3A85-4853-98E3-568468D2D274}.Debug|Any CPU.Build.0 = Debug|Any CPU
		{75ACC6C3-3A85-4853-98E3-568468D2D274}.Release|Any CPU.ActiveCfg = Release|Any CPU
		{75ACC6C3-3A85-4853-98E3-568468D2D274}.Release|Any CPU.Build.0 = Release|Any CPU
		{1F3AFEAC-D5CD-4D13-A9D3-CC15596CB902}.Debug|Any CPU.ActiveCfg = Debug|Any CPU
		{1F3AFEAC-D5CD-4D13-A9D3-CC15596CB902}.Debug|Any CPU.Build.0 = Debug|Any CPU
		{1F3AFEAC-D5CD-4D13-A9D3-CC15596CB902}.Release|Any CPU.ActiveCfg = Release|Any CPU
		{1F3AFEAC-D5CD-4D13-A9D3-CC15596CB902}.Release|Any CPU.Build.0 = Release|Any CPU
	EndGlobalSection
	GlobalSection(SolutionProperties) = preSolution
		HideSolutionNode = FALSE
	EndGlobalSection
	GlobalSection(ExtensibilityGlobals) = postSolution
		SolutionGuid = {17336DEB-9F4B-474E-A5C8-3EBEE4181275}
	EndGlobalSection
EndGlobal
